
Microsoft Visual Studio Solution File, Format Version 12.00
# Visual Studio Version 16
VisualStudioVersion = 16.0.30204.135
MinimumVisualStudioVersion = 10.0.40219.1
Project("{FAE04EC0-301F-11D3-BF4B-00C04F79EFBC}") = "SampleApp", "SampleApp.csproj", "{AE33A714-3803-4BF6-9AD6-673BCAF515CC}"
EndProject
Global
	GlobalSection(SolutionConfigurationPlatforms) = preSolution
		Debug|Any CPU = Debug|Any CPU
		Release|Any CPU = Release|Any CPU
	EndGlobalSection
	GlobalSection(ProjectConfigurationPlatforms) = postSolution
		{AE33A714-3803-4BF6-9AD6-673BCAF515CC}.Debug|Any CPU.ActiveCfg = Debug|Any CPU
		{AE33A714-3803-4BF6-9AD6-673BCAF515CC}.Debug|Any CPU.Build.0 = Debug|Any CPU
		{AE33A714-3803-4BF6-9AD6-673BCAF515CC}.Release|Any CPU.ActiveCfg = Release|Any CPU
		{AE33A714-3803-4BF6-9AD6-673BCAF515CC}.Release|Any CPU.Build.0 = Release|Any CPU
	EndGlobalSection
	GlobalSection(SolutionProperties) = preSolution
		HideSolutionNode = FALSE
	EndGlobalSection
	GlobalSection(ExtensibilityGlobals) = postSolution
		SolutionGuid = {94529BFC-03E8-4F3B-BC21-0E723BE809FD}
	EndGlobalSection
EndGlobal
